
Microsoft Visual Studio Solution File, Format Version 12.00
# Visual Studio 15
VisualStudioVersion = 15.0.27703.2018
MinimumVisualStudioVersion = 10.0.40219.1
Project("{FAE04EC0-301F-11D3-BF4B-00C04F79EFBC}") = "StoneWorldGit", "StoneWorldGit\StoneWorldGit.csproj", "{5E3F81AE-AD4A-415D-A3C0-2A773030EDE9}"
EndProject
Global
	GlobalSection(SolutionConfigurationPlatforms) = preSolution
		Debug|Any CPU = Debug|Any CPU
		Release|Any CPU = Release|Any CPU
	EndGlobalSection
	GlobalSection(ProjectConfigurationPlatforms) = postSolution
		{5E3F81AE-AD4A-415D-A3C0-2A773030EDE9}.Debug|Any CPU.ActiveCfg = Debug|Any CPU
		{5E3F81AE-AD4A-415D-A3C0-2A773030EDE9}.Debug|Any CPU.Build.0 = Debug|Any CPU
		{5E3F81AE-AD4A-415D-A3C0-2A773030EDE9}.Release|Any CPU.ActiveCfg = Release|Any CPU
		{5E3F81AE-AD4A-415D-A3C0-2A773030EDE9}.Release|Any CPU.Build.0 = Release|Any CPU
	EndGlobalSection
	GlobalSection(SolutionProperties) = preSolution
		HideSolutionNode = FALSE
	EndGlobalSection
	GlobalSection(ExtensibilityGlobals) = postSolution
		SolutionGuid = {29F907E9-F58E-4DD2-AE25-672D21EFC501}
	EndGlobalSection
EndGlobal
